// !$*UTF8*$!
{
	archiveVersion = 1;
	classes = {
	};
	objectVersion = 70;
	objects = {

/* Begin PBXBuildFile section */
		D81987E72E4FA1F400ED81A4 /* AppIcon.icon in Resources */ = {isa = PBXBuildFile; fileRef = D81987E62E4FA1F400ED81A4 /* AppIcon.icon */; };
		D81987E82E4FA1F400ED81A4 /* AppIcon.icon in Resources */ = {isa = PBXBuildFile; fileRef = D81987E62E4FA1F400ED81A4 /* AppIcon.icon */; };
		D81987E92E4FA1F400ED81A4 /* AppIcon.icon in Resources */ = {isa = PBXBuildFile; fileRef = D81987E62E4FA1F400ED81A4 /* AppIcon.icon */; };
		D826E1B72C7D18DE00DF37E6 /* SummaryRow.swift in Sources */ = {isa = PBXBuildFile; fileRef = D826E1B62C7D18DE00DF37E6 /* SummaryRow.swift */; };
		D829B0852C79B5C50027841B /* ChartView.swift in Sources */ = {isa = PBXBuildFile; fileRef = D829B0842C79B5C50027841B /* ChartView.swift */; };
		D829B0872C79BAA80027841B /* ChartTableView.swift in Sources */ = {isa = PBXBuildFile; fileRef = D829B0862C79BAA80027841B /* ChartTableView.swift */; };
		D829B0892C7A0F880027841B /* ChartDatePicker.swift in Sources */ = {isa = PBXBuildFile; fileRef = D829B0882C7A0F880027841B /* ChartDatePicker.swift */; };
		D829B08B2C7A6BC00027841B /* WhaleFacts.swift in Sources */ = {isa = PBXBuildFile; fileRef = D829B08A2C7A6BC00027841B /* WhaleFacts.swift */; };
		D829B08D2C7A7E6E0027841B /* Explainer.swift in Sources */ = {isa = PBXBuildFile; fileRef = D829B08C2C7A7E6E0027841B /* Explainer.swift */; };
		D83398542C833F4D00A09CDB /* AdjustWeighting.swift in Sources */ = {isa = PBXBuildFile; fileRef = D83398532C833F4D00A09CDB /* AdjustWeighting.swift */; };
		D83398582C83A0CF00A09CDB /* LaunchScreen.storyboard in Resources */ = {isa = PBXBuildFile; fileRef = D83398572C83A0CF00A09CDB /* LaunchScreen.storyboard */; };
		D837D0832C8601BF00587504 /* StoreKit.framework in Frameworks */ = {isa = PBXBuildFile; fileRef = D837D0822C8601BF00587504 /* StoreKit.framework */; };
		D838A6122C8075710083F3B3 /* NewDataView.swift in Sources */ = {isa = PBXBuildFile; fileRef = D838A6112C8075710083F3B3 /* NewDataView.swift */; };
		D838A6142C80828A0083F3B3 /* GaugeView.swift in Sources */ = {isa = PBXBuildFile; fileRef = D838A6132C80828A0083F3B3 /* GaugeView.swift */; };
		D840B0292D27F03100AFE471 /* BudgetCap.swift in Sources */ = {isa = PBXBuildFile; fileRef = D840B0282D27F03100AFE471 /* BudgetCap.swift */; };
		D85CF18F2D8C48BA00340EE1 /* FitnessView.swift in Sources */ = {isa = PBXBuildFile; fileRef = D85CF18E2D8C48B900340EE1 /* FitnessView.swift */; };
		D85CF1912D8C4F6B00340EE1 /* WaterView.swift in Sources */ = {isa = PBXBuildFile; fileRef = D85CF1902D8C4F6B00340EE1 /* WaterView.swift */; };
		D868606D2C7BD0E900730373 /* Tests.swift in Sources */ = {isa = PBXBuildFile; fileRef = D868606C2C7BD0E900730373 /* Tests.swift */; };
		D88C894B2C86122B005B2BE8 /* StoreKit.framework in Frameworks */ = {isa = PBXBuildFile; fileRef = D88C894A2C86122B005B2BE8 /* StoreKit.framework */; };
		D89461A52C73C3FC00138B60 /* BudgieApp.swift in Sources */ = {isa = PBXBuildFile; fileRef = D89461A42C73C3FC00138B60 /* BudgieApp.swift */; };
		D89461A72C73C3FC00138B60 /* BudgetView.swift in Sources */ = {isa = PBXBuildFile; fileRef = D89461A62C73C3FC00138B60 /* BudgetView.swift */; };
		D89461A92C73C3FD00138B60 /* Assets.xcassets in Resources */ = {isa = PBXBuildFile; fileRef = D89461A82C73C3FD00138B60 /* Assets.xcassets */; };
		D89461AC2C73C3FD00138B60 /* Preview Assets.xcassets in Resources */ = {isa = PBXBuildFile; fileRef = D89461AB2C73C3FD00138B60 /* Preview Assets.xcassets */; };
		D89A95962C84BB53007796AB /* WidgetKit.framework in Frameworks */ = {isa = PBXBuildFile; fileRef = D878D13E2C80DB470075F770 /* WidgetKit.framework */; };
		D89A95972C84BB53007796AB /* SwiftUI.framework in Frameworks */ = {isa = PBXBuildFile; fileRef = D837C6EB2C78B56F00A04A33 /* SwiftUI.framework */; };
		D89A959A2C84BB53007796AB /* BudgieWidgetBundle.swift in Sources */ = {isa = PBXBuildFile; fileRef = D89A95992C84BB53007796AB /* BudgieWidgetBundle.swift */; };
		D89A959C2C84BB53007796AB /* BudgieWidget.swift in Sources */ = {isa = PBXBuildFile; fileRef = D89A959B2C84BB53007796AB /* BudgieWidget.swift */; };
		D89A959E2C84BB55007796AB /* Assets.xcassets in Resources */ = {isa = PBXBuildFile; fileRef = D89A959D2C84BB55007796AB /* Assets.xcassets */; };
		D89A95A22C84BB55007796AB /* Budgie DietWidgetExtension.appex in Embed Foundation Extensions */ = {isa = PBXBuildFile; fileRef = D89A95952C84BB53007796AB /* Budgie DietWidgetExtension.appex */; settings = {ATTRIBUTES = (RemoveHeadersOnCopy, ); }; };
		D89A95B72C84C9FA007796AB /* CalorieModel.swift in Sources */ = {isa = PBXBuildFile; fileRef = D8BDE7392C7BAF7900E07471 /* CalorieModel.swift */; };
		D89A95B82C84CA2A007796AB /* ChartData.swift in Sources */ = {isa = PBXBuildFile; fileRef = D8B5AE072C7934B800C4533A /* ChartData.swift */; };
		D89A95B92C84CA2A007796AB /* DataClasses.swift in Sources */ = {isa = PBXBuildFile; fileRef = D8BCE5082C7F9F9A001EA005 /* DataClasses.swift */; };
		D89A95BA2C84CA2A007796AB /* HealthData.swift in Sources */ = {isa = PBXBuildFile; fileRef = D8E831612C73C7EE00AAF555 /* HealthData.swift */; };
		D89A95BB2C84CA2A007796AB /* DateFuncs.swift in Sources */ = {isa = PBXBuildFile; fileRef = D8E831642C73D0BA00AAF555 /* DateFuncs.swift */; };
		D89A95BC2C84CA2F007796AB /* UserSettings.swift in Sources */ = {isa = PBXBuildFile; fileRef = D8E831882C776FCE00AAF555 /* UserSettings.swift */; };
		D89A95BD2C84CA32007796AB /* SearchPredicates.swift in Sources */ = {isa = PBXBuildFile; fileRef = D8B0D86F2C7C672B00E46C63 /* SearchPredicates.swift */; };
		D89A95BE2C84CD4E007796AB /* Assets.xcassets in Resources */ = {isa = PBXBuildFile; fileRef = D89461A82C73C3FD00138B60 /* Assets.xcassets */; };
		D89A95C62C84F752007796AB /* BudgieWatchApp.swift in Sources */ = {isa = PBXBuildFile; fileRef = D89A95C52C84F752007796AB /* BudgieWatchApp.swift */; };
		D89A95C82C84F752007796AB /* ContentView.swift in Sources */ = {isa = PBXBuildFile; fileRef = D89A95C72C84F752007796AB /* ContentView.swift */; };
		D89A95CA2C84F753007796AB /* Assets.xcassets in Resources */ = {isa = PBXBuildFile; fileRef = D89A95C92C84F753007796AB /* Assets.xcassets */; };
		D89A95CD2C84F753007796AB /* Preview Assets.xcassets in Resources */ = {isa = PBXBuildFile; fileRef = D89A95CC2C84F753007796AB /* Preview Assets.xcassets */; };
		D89A95D62C84F782007796AB /* DataClasses.swift in Sources */ = {isa = PBXBuildFile; fileRef = D8BCE5082C7F9F9A001EA005 /* DataClasses.swift */; };
		D89A95D72C84F782007796AB /* HealthData.swift in Sources */ = {isa = PBXBuildFile; fileRef = D8E831612C73C7EE00AAF555 /* HealthData.swift */; };
		D89A95D82C84F782007796AB /* DateFuncs.swift in Sources */ = {isa = PBXBuildFile; fileRef = D8E831642C73D0BA00AAF555 /* DateFuncs.swift */; };
		D89A95D92C84F782007796AB /* CalorieModel.swift in Sources */ = {isa = PBXBuildFile; fileRef = D8BDE7392C7BAF7900E07471 /* CalorieModel.swift */; };
		D89A95DC2C84F7DA007796AB /* WatchMeter.swift in Sources */ = {isa = PBXBuildFile; fileRef = D89A95DB2C84F7DA007796AB /* WatchMeter.swift */; };
		D89A95DD2C84F82B007796AB /* UserSettings.swift in Sources */ = {isa = PBXBuildFile; fileRef = D8E831882C776FCE00AAF555 /* UserSettings.swift */; };
		D89A95DE2C84FAC0007796AB /* SearchPredicates.swift in Sources */ = {isa = PBXBuildFile; fileRef = D8B0D86F2C7C672B00E46C63 /* SearchPredicates.swift */; };
		D8B0D8702C7C672B00E46C63 /* SearchPredicates.swift in Sources */ = {isa = PBXBuildFile; fileRef = D8B0D86F2C7C672B00E46C63 /* SearchPredicates.swift */; };
		D8B3F2FE2D8F0EED00DDA41D /* WaterModel.swift in Sources */ = {isa = PBXBuildFile; fileRef = D8B3F2FD2D8F0EE900DDA41D /* WaterModel.swift */; };
		D8B3F2FF2D8F0EED00DDA41D /* WaterModel.swift in Sources */ = {isa = PBXBuildFile; fileRef = D8B3F2FD2D8F0EE900DDA41D /* WaterModel.swift */; };
		D8B3F3002D8F0EED00DDA41D /* WaterModel.swift in Sources */ = {isa = PBXBuildFile; fileRef = D8B3F2FD2D8F0EE900DDA41D /* WaterModel.swift */; };
		D8B5AE022C78D93700C4533A /* FirstRunSheet.swift in Sources */ = {isa = PBXBuildFile; fileRef = D8B5AE012C78D93700C4533A /* FirstRunSheet.swift */; };
		D8B5AE082C7934B800C4533A /* ChartData.swift in Sources */ = {isa = PBXBuildFile; fileRef = D8B5AE072C7934B800C4533A /* ChartData.swift */; };
		D8BCE5092C7F9F9A001EA005 /* DataClasses.swift in Sources */ = {isa = PBXBuildFile; fileRef = D8BCE5082C7F9F9A001EA005 /* DataClasses.swift */; };
		D8BCE50B2C7FBBC9001EA005 /* TodayFoodList.swift in Sources */ = {isa = PBXBuildFile; fileRef = D8BCE50A2C7FBBC8001EA005 /* TodayFoodList.swift */; };
		D8BDE7322C7B4CDA00E07471 /* Strings.swift in Sources */ = {isa = PBXBuildFile; fileRef = D8BDE7312C7B4CDA00E07471 /* Strings.swift */; };
		D8BDE7342C7B8E8900E07471 /* Disclaimer.swift in Sources */ = {isa = PBXBuildFile; fileRef = D8BDE7332C7B8E8900E07471 /* Disclaimer.swift */; };
		D8BDE7362C7B961200E07471 /* Donate.swift in Sources */ = {isa = PBXBuildFile; fileRef = D8BDE7352C7B961200E07471 /* Donate.swift */; };
		D8BDE73A2C7BAF7900E07471 /* CalorieModel.swift in Sources */ = {isa = PBXBuildFile; fileRef = D8BDE7392C7BAF7900E07471 /* CalorieModel.swift */; };
		D8D4BF732C7CD04E0061A9A4 /* FoodDatePicker.swift in Sources */ = {isa = PBXBuildFile; fileRef = D8D4BF712C7CD04E0061A9A4 /* FoodDatePicker.swift */; };
		D8D4BF742C7CD04E0061A9A4 /* FoodHub.swift in Sources */ = {isa = PBXBuildFile; fileRef = D8D4BF722C7CD04E0061A9A4 /* FoodHub.swift */; };
		D8D4BF762C7CD05B0061A9A4 /* AddCalsSheet.swift in Sources */ = {isa = PBXBuildFile; fileRef = D8D4BF752C7CD05B0061A9A4 /* AddCalsSheet.swift */; };
		D8E831622C73C7EE00AAF555 /* HealthData.swift in Sources */ = {isa = PBXBuildFile; fileRef = D8E831612C73C7EE00AAF555 /* HealthData.swift */; };
		D8E831652C73D0BA00AAF555 /* DateFuncs.swift in Sources */ = {isa = PBXBuildFile; fileRef = D8E831642C73D0BA00AAF555 /* DateFuncs.swift */; };
		D8E831672C74835900AAF555 /* UINiceties.swift in Sources */ = {isa = PBXBuildFile; fileRef = D8E831662C74835900AAF555 /* UINiceties.swift */; };
		D8E8316E2C74976300AAF555 /* MeterView.swift in Sources */ = {isa = PBXBuildFile; fileRef = D8E8316D2C74976300AAF555 /* MeterView.swift */; };
		D8E831722C74CAED00AAF555 /* SettingsView.swift in Sources */ = {isa = PBXBuildFile; fileRef = D8E831712C74CAED00AAF555 /* SettingsView.swift */; };
		D8E831742C74CDC700AAF555 /* BudgetHelperView.swift in Sources */ = {isa = PBXBuildFile; fileRef = D8E831732C74CDC700AAF555 /* BudgetHelperView.swift */; };
		D8E831852C77549200AAF555 /* ChartPage.swift in Sources */ = {isa = PBXBuildFile; fileRef = D8E831842C77549200AAF555 /* ChartPage.swift */; };
		D8E831892C776FCE00AAF555 /* UserSettings.swift in Sources */ = {isa = PBXBuildFile; fileRef = D8E831882C776FCE00AAF555 /* UserSettings.swift */; };
		D8E8318B2C7797B200AAF555 /* BMRHelper.swift in Sources */ = {isa = PBXBuildFile; fileRef = D8E8318A2C7797B200AAF555 /* BMRHelper.swift */; };
		D8F117DC2C8B63830054F2A2 /* Connectivity.swift in Sources */ = {isa = PBXBuildFile; fileRef = D8F117DB2C8B63830054F2A2 /* Connectivity.swift */; };
		D8F117DD2C8B65050054F2A2 /* Connectivity.swift in Sources */ = {isa = PBXBuildFile; fileRef = D8F117DB2C8B63830054F2A2 /* Connectivity.swift */; };
		D8F117DE2C8B6D1E0054F2A2 /* Budgie Diet.app in Embed Watch Content */ = {isa = PBXBuildFile; fileRef = D89A95C32C84F752007796AB /* Budgie Diet.app */; settings = {ATTRIBUTES = (RemoveHeadersOnCopy, ); }; };
/* End PBXBuildFile section */

/* Begin PBXContainerItemProxy section */
		D89A95A02C84BB55007796AB /* PBXContainerItemProxy */ = {
			isa = PBXContainerItemProxy;
			containerPortal = D89461992C73C3FC00138B60 /* Project object */;
			proxyType = 1;
			remoteGlobalIDString = D89A95942C84BB53007796AB;
			remoteInfo = BudgieWidgetExtension;
		};
		D8F117DF2C8B6D1E0054F2A2 /* PBXContainerItemProxy */ = {
			isa = PBXContainerItemProxy;
			containerPortal = D89461992C73C3FC00138B60 /* Project object */;
			proxyType = 1;
			remoteGlobalIDString = D89A95C22C84F752007796AB;
			remoteInfo = "Budgie DietWatch Watch App";
		};
/* End PBXContainerItemProxy section */

/* Begin PBXCopyFilesBuildPhase section */
		D837C6FF2C78B57000A04A33 /* Embed Foundation Extensions */ = {
			isa = PBXCopyFilesBuildPhase;
			buildActionMask = 8;
			dstPath = "";
			dstSubfolderSpec = 6;
			files = (
			);
			name = "Embed Foundation Extensions";
			runOnlyForDeploymentPostprocessing = 1;
		};
		D878D14C2C80DB480075F770 /* Embed Foundation Extensions */ = {
			isa = PBXCopyFilesBuildPhase;
			buildActionMask = 2147483647;
			dstPath = "";
			dstSubfolderSpec = 13;
			files = (
				D89A95A22C84BB55007796AB /* Budgie DietWidgetExtension.appex in Embed Foundation Extensions */,
			);
			name = "Embed Foundation Extensions";
			runOnlyForDeploymentPostprocessing = 0;
		};
		D89A95D42C84F753007796AB /* Embed Watch Content */ = {
			isa = PBXCopyFilesBuildPhase;
			buildActionMask = 2147483647;
			dstPath = "$(CONTENTS_FOLDER_PATH)/Watch";
			dstSubfolderSpec = 16;
			files = (
				D8F117DE2C8B6D1E0054F2A2 /* Budgie Diet.app in Embed Watch Content */,
			);
			name = "Embed Watch Content";
			runOnlyForDeploymentPostprocessing = 0;
		};
/* End PBXCopyFilesBuildPhase section */

/* Begin PBXFileReference section */
		D81987E62E4FA1F400ED81A4 /* AppIcon.icon */ = {isa = PBXFileReference; lastKnownFileType = folder.iconcomposer.icon; path = AppIcon.icon; sourceTree = "<group>"; };
		D81EAB0C2CA049C000A7F302 /* Budgie-DietWatch-Watch-App-Info.plist */ = {isa = PBXFileReference; lastKnownFileType = text.plist; path = "Budgie-DietWatch-Watch-App-Info.plist"; sourceTree = "<group>"; };
		D826E1B62C7D18DE00DF37E6 /* SummaryRow.swift */ = {isa = PBXFileReference; lastKnownFileType = sourcecode.swift; path = SummaryRow.swift; sourceTree = "<group>"; };
		D829B0842C79B5C50027841B /* ChartView.swift */ = {isa = PBXFileReference; lastKnownFileType = sourcecode.swift; path = ChartView.swift; sourceTree = "<group>"; };
		D829B0862C79BAA80027841B /* ChartTableView.swift */ = {isa = PBXFileReference; lastKnownFileType = sourcecode.swift; path = ChartTableView.swift; sourceTree = "<group>"; };
		D829B0882C7A0F880027841B /* ChartDatePicker.swift */ = {isa = PBXFileReference; lastKnownFileType = sourcecode.swift; path = ChartDatePicker.swift; sourceTree = "<group>"; };
		D829B08A2C7A6BC00027841B /* WhaleFacts.swift */ = {isa = PBXFileReference; lastKnownFileType = sourcecode.swift; path = WhaleFacts.swift; sourceTree = "<group>"; };
		D829B08C2C7A7E6E0027841B /* Explainer.swift */ = {isa = PBXFileReference; lastKnownFileType = sourcecode.swift; path = Explainer.swift; sourceTree = "<group>"; };
		D83398532C833F4D00A09CDB /* AdjustWeighting.swift */ = {isa = PBXFileReference; lastKnownFileType = sourcecode.swift; path = AdjustWeighting.swift; sourceTree = "<group>"; };
		D83398572C83A0CF00A09CDB /* LaunchScreen.storyboard */ = {isa = PBXFileReference; lastKnownFileType = file.storyboard; path = LaunchScreen.storyboard; sourceTree = "<group>"; };
		D837C6EB2C78B56F00A04A33 /* SwiftUI.framework */ = {isa = PBXFileReference; lastKnownFileType = wrapper.framework; name = SwiftUI.framework; path = System/Library/Frameworks/SwiftUI.framework; sourceTree = SDKROOT; };
		D837D0822C8601BF00587504 /* StoreKit.framework */ = {isa = PBXFileReference; lastKnownFileType = wrapper.framework; name = StoreKit.framework; path = Platforms/WatchOS.platform/Developer/SDKs/WatchOS10.5.sdk/System/Library/Frameworks/StoreKit.framework; sourceTree = DEVELOPER_DIR; };
		D838A6112C8075710083F3B3 /* NewDataView.swift */ = {isa = PBXFileReference; lastKnownFileType = sourcecode.swift; path = NewDataView.swift; sourceTree = "<group>"; };
		D838A6132C80828A0083F3B3 /* GaugeView.swift */ = {isa = PBXFileReference; lastKnownFileType = sourcecode.swift; path = GaugeView.swift; sourceTree = "<group>"; };
		D840B0282D27F03100AFE471 /* BudgetCap.swift */ = {isa = PBXFileReference; lastKnownFileType = sourcecode.swift; path = BudgetCap.swift; sourceTree = "<group>"; };
		D85CF18E2D8C48B900340EE1 /* FitnessView.swift */ = {isa = PBXFileReference; lastKnownFileType = sourcecode.swift; path = FitnessView.swift; sourceTree = "<group>"; };
		D85CF1902D8C4F6B00340EE1 /* WaterView.swift */ = {isa = PBXFileReference; lastKnownFileType = sourcecode.swift; path = WaterView.swift; sourceTree = "<group>"; };
		D868606C2C7BD0E900730373 /* Tests.swift */ = {isa = PBXFileReference; lastKnownFileType = sourcecode.swift; path = Tests.swift; sourceTree = "<group>"; };
		D878D13E2C80DB470075F770 /* WidgetKit.framework */ = {isa = PBXFileReference; lastKnownFileType = wrapper.framework; name = WidgetKit.framework; path = System/Library/Frameworks/WidgetKit.framework; sourceTree = SDKROOT; };
		D88C894A2C86122B005B2BE8 /* StoreKit.framework */ = {isa = PBXFileReference; lastKnownFileType = wrapper.framework; name = StoreKit.framework; path = System/Library/Frameworks/StoreKit.framework; sourceTree = SDKROOT; };
		D89461A12C73C3FC00138B60 /* Budgie Diet.app */ = {isa = PBXFileReference; explicitFileType = wrapper.application; includeInIndex = 0; path = "Budgie Diet.app"; sourceTree = BUILT_PRODUCTS_DIR; };
		D89461A42C73C3FC00138B60 /* BudgieApp.swift */ = {isa = PBXFileReference; lastKnownFileType = sourcecode.swift; path = BudgieApp.swift; sourceTree = "<group>"; };
		D89461A62C73C3FC00138B60 /* BudgetView.swift */ = {isa = PBXFileReference; lastKnownFileType = sourcecode.swift; path = BudgetView.swift; sourceTree = "<group>"; };
		D89461A82C73C3FD00138B60 /* Assets.xcassets */ = {isa = PBXFileReference; lastKnownFileType = folder.assetcatalog; path = Assets.xcassets; sourceTree = "<group>"; };
		D89461AB2C73C3FD00138B60 /* Preview Assets.xcassets */ = {isa = PBXFileReference; lastKnownFileType = folder.assetcatalog; path = "Preview Assets.xcassets"; sourceTree = "<group>"; };
		D89A95952C84BB53007796AB /* Budgie DietWidgetExtension.appex */ = {isa = PBXFileReference; explicitFileType = "wrapper.app-extension"; includeInIndex = 0; path = "Budgie DietWidgetExtension.appex"; sourceTree = BUILT_PRODUCTS_DIR; };
		D89A95992C84BB53007796AB /* BudgieWidgetBundle.swift */ = {isa = PBXFileReference; lastKnownFileType = sourcecode.swift; path = BudgieWidgetBundle.swift; sourceTree = "<group>"; };
		D89A959B2C84BB53007796AB /* BudgieWidget.swift */ = {isa = PBXFileReference; lastKnownFileType = sourcecode.swift; path = BudgieWidget.swift; sourceTree = "<group>"; };
		D89A959D2C84BB55007796AB /* Assets.xcassets */ = {isa = PBXFileReference; lastKnownFileType = folder.assetcatalog; path = Assets.xcassets; sourceTree = "<group>"; };
		D89A959F2C84BB55007796AB /* Info.plist */ = {isa = PBXFileReference; lastKnownFileType = text.plist.xml; path = Info.plist; sourceTree = "<group>"; };
		D89A95B02C84BE3D007796AB /* BudgieWidgetExtension.entitlements */ = {isa = PBXFileReference; lastKnownFileType = text.plist.entitlements; path = BudgieWidgetExtension.entitlements; sourceTree = "<group>"; };
		D89A95C32C84F752007796AB /* Budgie Diet.app */ = {isa = PBXFileReference; explicitFileType = wrapper.application; includeInIndex = 0; path = "Budgie Diet.app"; sourceTree = BUILT_PRODUCTS_DIR; };
		D89A95C52C84F752007796AB /* BudgieWatchApp.swift */ = {isa = PBXFileReference; lastKnownFileType = sourcecode.swift; path = BudgieWatchApp.swift; sourceTree = "<group>"; };
		D89A95C72C84F752007796AB /* ContentView.swift */ = {isa = PBXFileReference; lastKnownFileType = sourcecode.swift; path = ContentView.swift; sourceTree = "<group>"; };
		D89A95C92C84F753007796AB /* Assets.xcassets */ = {isa = PBXFileReference; lastKnownFileType = folder.assetcatalog; path = Assets.xcassets; sourceTree = "<group>"; };
		D89A95CC2C84F753007796AB /* Preview Assets.xcassets */ = {isa = PBXFileReference; lastKnownFileType = folder.assetcatalog; path = "Preview Assets.xcassets"; sourceTree = "<group>"; };
		D89A95D52C84F75B007796AB /* BudgieWatch Watch App.entitlements */ = {isa = PBXFileReference; lastKnownFileType = text.plist.entitlements; path = "BudgieWatch Watch App.entitlements"; sourceTree = "<group>"; };
		D89A95DB2C84F7DA007796AB /* WatchMeter.swift */ = {isa = PBXFileReference; lastKnownFileType = sourcecode.swift; path = WatchMeter.swift; sourceTree = "<group>"; };
		D8B0D86F2C7C672B00E46C63 /* SearchPredicates.swift */ = {isa = PBXFileReference; lastKnownFileType = sourcecode.swift; path = SearchPredicates.swift; sourceTree = "<group>"; };
		D8B3F2FD2D8F0EE900DDA41D /* WaterModel.swift */ = {isa = PBXFileReference; lastKnownFileType = sourcecode.swift; path = WaterModel.swift; sourceTree = "<group>"; };
		D8B5AE012C78D93700C4533A /* FirstRunSheet.swift */ = {isa = PBXFileReference; lastKnownFileType = sourcecode.swift; path = FirstRunSheet.swift; sourceTree = "<group>"; };
		D8B5AE072C7934B800C4533A /* ChartData.swift */ = {isa = PBXFileReference; lastKnownFileType = sourcecode.swift; path = ChartData.swift; sourceTree = "<group>"; };
		D8BCE5082C7F9F9A001EA005 /* DataClasses.swift */ = {isa = PBXFileReference; lastKnownFileType = sourcecode.swift; path = DataClasses.swift; sourceTree = "<group>"; };
		D8BCE50A2C7FBBC8001EA005 /* TodayFoodList.swift */ = {isa = PBXFileReference; lastKnownFileType = sourcecode.swift; path = TodayFoodList.swift; sourceTree = "<group>"; };
		D8BDE7312C7B4CDA00E07471 /* Strings.swift */ = {isa = PBXFileReference; lastKnownFileType = sourcecode.swift; path = Strings.swift; sourceTree = "<group>"; };
		D8BDE7332C7B8E8900E07471 /* Disclaimer.swift */ = {isa = PBXFileReference; lastKnownFileType = sourcecode.swift; path = Disclaimer.swift; sourceTree = "<group>"; };
		D8BDE7352C7B961200E07471 /* Donate.swift */ = {isa = PBXFileReference; lastKnownFileType = sourcecode.swift; path = Donate.swift; sourceTree = "<group>"; };
		D8BDE7392C7BAF7900E07471 /* CalorieModel.swift */ = {isa = PBXFileReference; lastKnownFileType = sourcecode.swift; path = CalorieModel.swift; sourceTree = "<group>"; };
		D8D4BF712C7CD04E0061A9A4 /* FoodDatePicker.swift */ = {isa = PBXFileReference; fileEncoding = 4; lastKnownFileType = sourcecode.swift; path = FoodDatePicker.swift; sourceTree = "<group>"; };
		D8D4BF722C7CD04E0061A9A4 /* FoodHub.swift */ = {isa = PBXFileReference; fileEncoding = 4; lastKnownFileType = sourcecode.swift; path = FoodHub.swift; sourceTree = "<group>"; };
		D8D4BF752C7CD05B0061A9A4 /* AddCalsSheet.swift */ = {isa = PBXFileReference; fileEncoding = 4; lastKnownFileType = sourcecode.swift; path = AddCalsSheet.swift; sourceTree = "<group>"; };
		D8E831612C73C7EE00AAF555 /* HealthData.swift */ = {isa = PBXFileReference; lastKnownFileType = sourcecode.swift; path = HealthData.swift; sourceTree = "<group>"; };
		D8E831632C73C84900AAF555 /* Budgie.entitlements */ = {isa = PBXFileReference; lastKnownFileType = text.plist.entitlements; path = Budgie.entitlements; sourceTree = "<group>"; };
		D8E831642C73D0BA00AAF555 /* DateFuncs.swift */ = {isa = PBXFileReference; lastKnownFileType = sourcecode.swift; path = DateFuncs.swift; sourceTree = "<group>"; };
		D8E831662C74835900AAF555 /* UINiceties.swift */ = {isa = PBXFileReference; lastKnownFileType = sourcecode.swift; path = UINiceties.swift; sourceTree = "<group>"; };
		D8E8316D2C74976300AAF555 /* MeterView.swift */ = {isa = PBXFileReference; lastKnownFileType = sourcecode.swift; path = MeterView.swift; sourceTree = "<group>"; };
		D8E831712C74CAED00AAF555 /* SettingsView.swift */ = {isa = PBXFileReference; lastKnownFileType = sourcecode.swift; path = SettingsView.swift; sourceTree = "<group>"; };
		D8E831732C74CDC700AAF555 /* BudgetHelperView.swift */ = {isa = PBXFileReference; lastKnownFileType = sourcecode.swift; path = BudgetHelperView.swift; sourceTree = "<group>"; };
		D8E831812C76906900AAF555 /* Info.plist */ = {isa = PBXFileReference; lastKnownFileType = text.plist.xml; path = Info.plist; sourceTree = "<group>"; };
		D8E831842C77549200AAF555 /* ChartPage.swift */ = {isa = PBXFileReference; lastKnownFileType = sourcecode.swift; path = ChartPage.swift; sourceTree = "<group>"; };
		D8E831882C776FCE00AAF555 /* UserSettings.swift */ = {isa = PBXFileReference; lastKnownFileType = sourcecode.swift; path = UserSettings.swift; sourceTree = "<group>"; };
		D8E8318A2C7797B200AAF555 /* BMRHelper.swift */ = {isa = PBXFileReference; lastKnownFileType = sourcecode.swift; path = BMRHelper.swift; sourceTree = "<group>"; };
		D8F117DB2C8B63830054F2A2 /* Connectivity.swift */ = {isa = PBXFileReference; lastKnownFileType = sourcecode.swift; path = Connectivity.swift; sourceTree = "<group>"; };
/* End PBXFileReference section */

/* Begin PBXFileSystemSynchronizedRootGroup section */
		D827ACB62D8E033D006413F1 /* Frameworks */ = {isa = PBXFileSystemSynchronizedRootGroup; explicitFileTypes = {}; explicitFolders = (); path = Frameworks; sourceTree = "<group>"; };
		D8B3F3012D8F11C500DDA41D /* Water Logging */ = {isa = PBXFileSystemSynchronizedRootGroup; explicitFileTypes = {}; explicitFolders = (); path = "Water Logging"; sourceTree = "<group>"; };
/* End PBXFileSystemSynchronizedRootGroup section */

/* Begin PBXFrameworksBuildPhase section */
		D894619E2C73C3FC00138B60 /* Frameworks */ = {
			isa = PBXFrameworksBuildPhase;
			buildActionMask = 2147483647;
			files = (
				D88C894B2C86122B005B2BE8 /* StoreKit.framework in Frameworks */,
			);
			runOnlyForDeploymentPostprocessing = 0;
		};
		D89A95922C84BB53007796AB /* Frameworks */ = {
			isa = PBXFrameworksBuildPhase;
			buildActionMask = 2147483647;
			files = (
				D89A95972C84BB53007796AB /* SwiftUI.framework in Frameworks */,
				D89A95962C84BB53007796AB /* WidgetKit.framework in Frameworks */,
			);
			runOnlyForDeploymentPostprocessing = 0;
		};
		D89A95C02C84F752007796AB /* Frameworks */ = {
			isa = PBXFrameworksBuildPhase;
			buildActionMask = 2147483647;
			files = (
				D837D0832C8601BF00587504 /* StoreKit.framework in Frameworks */,
			);
			runOnlyForDeploymentPostprocessing = 0;
		};
/* End PBXFrameworksBuildPhase section */

/* Begin PBXGroup section */
		D829B0812C79B5950027841B /* Settings */ = {
			isa = PBXGroup;
			children = (
				D8BDE7352C7B961200E07471 /* Donate.swift */,
				D8BDE7332C7B8E8900E07471 /* Disclaimer.swift */,
				D8E831712C74CAED00AAF555 /* SettingsView.swift */,
				D868606C2C7BD0E900730373 /* Tests.swift */,
				D83398532C833F4D00A09CDB /* AdjustWeighting.swift */,
				D840B0282D27F03100AFE471 /* BudgetCap.swift */,
			);
			path = Settings;
			sourceTree = "<group>";
		};
		D829B0822C79B59D0027841B /* Helpers */ = {
			isa = PBXGroup;
			children = (
				D8E831732C74CDC700AAF555 /* BudgetHelperView.swift */,
				D8E8318A2C7797B200AAF555 /* BMRHelper.swift */,
				D8B5AE012C78D93700C4533A /* FirstRunSheet.swift */,
				D829B08C2C7A7E6E0027841B /* Explainer.swift */,
			);
			path = Helpers;
			sourceTree = "<group>";
		};
		D829B0832C79B5B30027841B /* Components */ = {
			isa = PBXGroup;
			children = (
				D85CF18E2D8C48B900340EE1 /* FitnessView.swift */,
				D838A6112C8075710083F3B3 /* NewDataView.swift */,
				D829B08A2C7A6BC00027841B /* WhaleFacts.swift */,
				D8E8316D2C74976300AAF555 /* MeterView.swift */,
				D8BCE50A2C7FBBC8001EA005 /* TodayFoodList.swift */,
				D838A6132C80828A0083F3B3 /* GaugeView.swift */,
				D85CF1902D8C4F6B00340EE1 /* WaterView.swift */,
			);
			path = Components;
			sourceTree = "<group>";
		};
		D837C6E82C78B56F00A04A33 /* Frameworks */ = {
			isa = PBXGroup;
			children = (
				D837C6EB2C78B56F00A04A33 /* SwiftUI.framework */,
				D878D13E2C80DB470075F770 /* WidgetKit.framework */,
			);
			name = Frameworks;
			path = ..;
			sourceTree = "<group>";
		};
		D837D0812C8601BF00587504 /* Frameworks */ = {
			isa = PBXGroup;
			children = (
				D88C894A2C86122B005B2BE8 /* StoreKit.framework */,
				D837D0822C8601BF00587504 /* StoreKit.framework */,
			);
			name = Frameworks;
			sourceTree = "<group>";
		};
		D868606E2C7BD68400730373 /* Food Logging */ = {
			isa = PBXGroup;
			children = (
				D8D4BF712C7CD04E0061A9A4 /* FoodDatePicker.swift */,
				D8D4BF722C7CD04E0061A9A4 /* FoodHub.swift */,
				D8D4BF752C7CD05B0061A9A4 /* AddCalsSheet.swift */,
				D826E1B62C7D18DE00DF37E6 /* SummaryRow.swift */,
			);
			path = "Food Logging";
			sourceTree = "<group>";
		};
		D89461982C73C3FC00138B60 = {
			isa = PBXGroup;
			children = (
				D81987E62E4FA1F400ED81A4 /* AppIcon.icon */,
				D81EAB0C2CA049C000A7F302 /* Budgie-DietWatch-Watch-App-Info.plist */,
				D89A95B02C84BE3D007796AB /* BudgieWidgetExtension.entitlements */,
				D89461A32C73C3FC00138B60 /* Budgie */,
				D89A95982C84BB53007796AB /* BudgieWidget */,
				D89A95C42C84F752007796AB /* BudgieWatch Watch App */,
				D89461A22C73C3FC00138B60 /* Products */,
				D837D0812C8601BF00587504 /* Frameworks */,
			);
			sourceTree = "<group>";
		};
		D89461A22C73C3FC00138B60 /* Products */ = {
			isa = PBXGroup;
			children = (
				D89461A12C73C3FC00138B60 /* Budgie Diet.app */,
				D89A95952C84BB53007796AB /* Budgie DietWidgetExtension.appex */,
				D89A95C32C84F752007796AB /* Budgie Diet.app */,
			);
			name = Products;
			sourceTree = "<group>";
		};
		D89461A32C73C3FC00138B60 /* Budgie */ = {
			isa = PBXGroup;
			children = (
				D8E831812C76906900AAF555 /* Info.plist */,
				D8E831752C74EBCD00AAF555 /* Code */,
				D8E831682C748DE200AAF555 /* Views */,
				D8E831632C73C84900AAF555 /* Budgie.entitlements */,
				D89461A42C73C3FC00138B60 /* BudgieApp.swift */,
				D89461A82C73C3FD00138B60 /* Assets.xcassets */,
				D89461AA2C73C3FD00138B60 /* Preview Content */,
				D83398572C83A0CF00A09CDB /* LaunchScreen.storyboard */,
			);
			path = Budgie;
			sourceTree = "<group>";
		};
		D89461AA2C73C3FD00138B60 /* Preview Content */ = {
			isa = PBXGroup;
			children = (
				D89461AB2C73C3FD00138B60 /* Preview Assets.xcassets */,
			);
			path = "Preview Content";
			sourceTree = "<group>";
		};
		D89A95982C84BB53007796AB /* BudgieWidget */ = {
			isa = PBXGroup;
			children = (
				D89A95992C84BB53007796AB /* BudgieWidgetBundle.swift */,
				D89A959B2C84BB53007796AB /* BudgieWidget.swift */,
				D837C6E82C78B56F00A04A33 /* Frameworks */,
				D89A959D2C84BB55007796AB /* Assets.xcassets */,
				D89A959F2C84BB55007796AB /* Info.plist */,
			);
			path = BudgieWidget;
			sourceTree = "<group>";
		};
		D89A95C42C84F752007796AB /* BudgieWatch Watch App */ = {
			isa = PBXGroup;
			children = (
				D89A95D52C84F75B007796AB /* BudgieWatch Watch App.entitlements */,
				D89A95C52C84F752007796AB /* BudgieWatchApp.swift */,
				D89A95C72C84F752007796AB /* ContentView.swift */,
				D89A95C92C84F753007796AB /* Assets.xcassets */,
				D89A95CB2C84F753007796AB /* Preview Content */,
				D89A95DB2C84F7DA007796AB /* WatchMeter.swift */,
				D8F117DB2C8B63830054F2A2 /* Connectivity.swift */,
			);
			path = "BudgieWatch Watch App";
			sourceTree = "<group>";
		};
		D89A95CB2C84F753007796AB /* Preview Content */ = {
			isa = PBXGroup;
			children = (
				D89A95CC2C84F753007796AB /* Preview Assets.xcassets */,
			);
			path = "Preview Content";
			sourceTree = "<group>";
		};
		D8B5AE092C79B56100C4533A /* Chart */ = {
			isa = PBXGroup;
			children = (
				D829B0842C79B5C50027841B /* ChartView.swift */,
				D829B0862C79BAA80027841B /* ChartTableView.swift */,
				D829B0882C7A0F880027841B /* ChartDatePicker.swift */,
				D8E831842C77549200AAF555 /* ChartPage.swift */,
			);
			path = Chart;
			sourceTree = "<group>";
		};
		D8BCE50C2C805486001EA005 /* Data Model */ = {
			isa = PBXGroup;
			children = (
				D8B3F2FD2D8F0EE900DDA41D /* WaterModel.swift */,
				D8E831612C73C7EE00AAF555 /* HealthData.swift */,
				D8BDE7392C7BAF7900E07471 /* CalorieModel.swift */,
				D8B5AE072C7934B800C4533A /* ChartData.swift */,
				D8BCE5082C7F9F9A001EA005 /* DataClasses.swift */,
				D8E831882C776FCE00AAF555 /* UserSettings.swift */,
			);
			path = "Data Model";
			sourceTree = "<group>";
		};
		D8E831682C748DE200AAF555 /* Views */ = {
			isa = PBXGroup;
			children = (
				D8EB9F942C7E0FD100508D0A /* Main page */,
				D8B3F3012D8F11C500DDA41D /* Water Logging */,
				D868606E2C7BD68400730373 /* Food Logging */,
				D829B0822C79B59D0027841B /* Helpers */,
				D829B0812C79B5950027841B /* Settings */,
				D8B5AE092C79B56100C4533A /* Chart */,
			);
			path = Views;
			sourceTree = "<group>";
		};
		D8E831752C74EBCD00AAF555 /* Code */ = {
			isa = PBXGroup;
			children = (
				D827ACB62D8E033D006413F1 /* Frameworks */,
				D8BCE50C2C805486001EA005 /* Data Model */,
				D8E831642C73D0BA00AAF555 /* DateFuncs.swift */,
				D8E831662C74835900AAF555 /* UINiceties.swift */,
				D8BDE7312C7B4CDA00E07471 /* Strings.swift */,
				D8B0D86F2C7C672B00E46C63 /* SearchPredicates.swift */,
			);
			path = Code;
			sourceTree = "<group>";
		};
		D8EB9F942C7E0FD100508D0A /* Main page */ = {
			isa = PBXGroup;
			children = (
				D89461A62C73C3FC00138B60 /* BudgetView.swift */,
				D829B0832C79B5B30027841B /* Components */,
			);
			path = "Main page";
			sourceTree = "<group>";
		};
/* End PBXGroup section */

/* Begin PBXNativeTarget section */
		D89461A02C73C3FC00138B60 /* Budgie Diet */ = {
			isa = PBXNativeTarget;
			buildConfigurationList = D89461AF2C73C3FD00138B60 /* Build configuration list for PBXNativeTarget "Budgie Diet" */;
			buildPhases = (
				D894619D2C73C3FC00138B60 /* Sources */,
				D894619E2C73C3FC00138B60 /* Frameworks */,
				D894619F2C73C3FC00138B60 /* Resources */,
				D837C6FF2C78B57000A04A33 /* Embed Foundation Extensions */,
				D878D14C2C80DB480075F770 /* Embed Foundation Extensions */,
				D89A95D42C84F753007796AB /* Embed Watch Content */,
			);
			buildRules = (
			);
			dependencies = (
				D89A95A12C84BB55007796AB /* PBXTargetDependency */,
				D8F117E02C8B6D1E0054F2A2 /* PBXTargetDependency */,
			);
			fileSystemSynchronizedGroups = (
				D827ACB62D8E033D006413F1 /* Frameworks */,
				D8B3F3012D8F11C500DDA41D /* Water Logging */,
			);
			name = "Budgie Diet";
			productName = Budgie;
			productReference = D89461A12C73C3FC00138B60 /* Budgie Diet.app */;
			productType = "com.apple.product-type.application";
		};
		D89A95942C84BB53007796AB /* Budgie DietWidgetExtension */ = {
			isa = PBXNativeTarget;
			buildConfigurationList = D89A95A32C84BB55007796AB /* Build configuration list for PBXNativeTarget "Budgie DietWidgetExtension" */;
			buildPhases = (
				D89A95912C84BB53007796AB /* Sources */,
				D89A95922C84BB53007796AB /* Frameworks */,
				D89A95932C84BB53007796AB /* Resources */,
			);
			buildRules = (
			);
			dependencies = (
			);
			fileSystemSynchronizedGroups = (
				D827ACB62D8E033D006413F1 /* Frameworks */,
			);
			name = "Budgie DietWidgetExtension";
			productName = BudgieWidgetExtension;
			productReference = D89A95952C84BB53007796AB /* Budgie DietWidgetExtension.appex */;
			productType = "com.apple.product-type.app-extension";
		};
		D89A95C22C84F752007796AB /* Budgie DietWatch Watch App */ = {
			isa = PBXNativeTarget;
			buildConfigurationList = D89A95D12C84F753007796AB /* Build configuration list for PBXNativeTarget "Budgie DietWatch Watch App" */;
			buildPhases = (
				D89A95BF2C84F752007796AB /* Sources */,
				D89A95C02C84F752007796AB /* Frameworks */,
				D89A95C12C84F752007796AB /* Resources */,
			);
			buildRules = (
			);
			dependencies = (
			);
			fileSystemSynchronizedGroups = (
				D827ACB62D8E033D006413F1 /* Frameworks */,
			);
			name = "Budgie DietWatch Watch App";
			productName = "BudgieWatch Watch App";
			productReference = D89A95C32C84F752007796AB /* Budgie Diet.app */;
			productType = "com.apple.product-type.application";
		};
/* End PBXNativeTarget section */

/* Begin PBXProject section */
		D89461992C73C3FC00138B60 /* Project object */ = {
			isa = PBXProject;
			attributes = {
				BuildIndependentTargetsInParallel = 1;
				LastSwiftUpdateCheck = 1540;
				LastUpgradeCheck = 2600;
				TargetAttributes = {
					D89461A02C73C3FC00138B60 = {
						CreatedOnToolsVersion = 15.4;
					};
					D89A95942C84BB53007796AB = {
						CreatedOnToolsVersion = 15.4;
					};
					D89A95C22C84F752007796AB = {
						CreatedOnToolsVersion = 15.4;
					};
				};
			};
			buildConfigurationList = D894619C2C73C3FC00138B60 /* Build configuration list for PBXProject "Budgie Diet" */;
			compatibilityVersion = "Xcode 14.0";
			developmentRegion = en;
			hasScannedForEncodings = 0;
			knownRegions = (
				en,
				Base,
			);
			mainGroup = D89461982C73C3FC00138B60;
			productRefGroup = D89461A22C73C3FC00138B60 /* Products */;
			projectDirPath = "";
			projectRoot = "";
			targets = (
				D89461A02C73C3FC00138B60 /* Budgie Diet */,
				D89A95942C84BB53007796AB /* Budgie DietWidgetExtension */,
				D89A95C22C84F752007796AB /* Budgie DietWatch Watch App */,
			);
		};
/* End PBXProject section */

/* Begin PBXResourcesBuildPhase section */
		D894619F2C73C3FC00138B60 /* Resources */ = {
			isa = PBXResourcesBuildPhase;
			buildActionMask = 2147483647;
			files = (
				D89461AC2C73C3FD00138B60 /* Preview Assets.xcassets in Resources */,
				D81987E82E4FA1F400ED81A4 /* AppIcon.icon in Resources */,
				D83398582C83A0CF00A09CDB /* LaunchScreen.storyboard in Resources */,
				D89461A92C73C3FD00138B60 /* Assets.xcassets in Resources */,
			);
			runOnlyForDeploymentPostprocessing = 0;
		};
		D89A95932C84BB53007796AB /* Resources */ = {
			isa = PBXResourcesBuildPhase;
			buildActionMask = 2147483647;
			files = (
				D81987E92E4FA1F400ED81A4 /* AppIcon.icon in Resources */,
				D89A95BE2C84CD4E007796AB /* Assets.xcassets in Resources */,
				D89A959E2C84BB55007796AB /* Assets.xcassets in Resources */,
			);
			runOnlyForDeploymentPostprocessing = 0;
		};
		D89A95C12C84F752007796AB /* Resources */ = {
			isa = PBXResourcesBuildPhase;
			buildActionMask = 2147483647;
			files = (
				D81987E72E4FA1F400ED81A4 /* AppIcon.icon in Resources */,
				D89A95CD2C84F753007796AB /* Preview Assets.xcassets in Resources */,
				D89A95CA2C84F753007796AB /* Assets.xcassets in Resources */,
			);
			runOnlyForDeploymentPostprocessing = 0;
		};
/* End PBXResourcesBuildPhase section */

/* Begin PBXSourcesBuildPhase section */
		D894619D2C73C3FC00138B60 /* Sources */ = {
			isa = PBXSourcesBuildPhase;
			buildActionMask = 2147483647;
			files = (
				D8E8318B2C7797B200AAF555 /* BMRHelper.swift in Sources */,
				D8BDE7342C7B8E8900E07471 /* Disclaimer.swift in Sources */,
				D8E8316E2C74976300AAF555 /* MeterView.swift in Sources */,
				D8E831852C77549200AAF555 /* ChartPage.swift in Sources */,
				D829B0872C79BAA80027841B /* ChartTableView.swift in Sources */,
				D85CF18F2D8C48BA00340EE1 /* FitnessView.swift in Sources */,
				D840B0292D27F03100AFE471 /* BudgetCap.swift in Sources */,
				D8E831622C73C7EE00AAF555 /* HealthData.swift in Sources */,
				D8E831722C74CAED00AAF555 /* SettingsView.swift in Sources */,
				D8D4BF732C7CD04E0061A9A4 /* FoodDatePicker.swift in Sources */,
				D8BDE7362C7B961200E07471 /* Donate.swift in Sources */,
				D8B5AE082C7934B800C4533A /* ChartData.swift in Sources */,
				D8BDE73A2C7BAF7900E07471 /* CalorieModel.swift in Sources */,
				D868606D2C7BD0E900730373 /* Tests.swift in Sources */,
				D8B0D8702C7C672B00E46C63 /* SearchPredicates.swift in Sources */,
				D8E831672C74835900AAF555 /* UINiceties.swift in Sources */,
				D8BCE5092C7F9F9A001EA005 /* DataClasses.swift in Sources */,
				D826E1B72C7D18DE00DF37E6 /* SummaryRow.swift in Sources */,
				D8B5AE022C78D93700C4533A /* FirstRunSheet.swift in Sources */,
				D829B0852C79B5C50027841B /* ChartView.swift in Sources */,
				D8BCE50B2C7FBBC9001EA005 /* TodayFoodList.swift in Sources */,
				D8BDE7322C7B4CDA00E07471 /* Strings.swift in Sources */,
				D8B3F2FF2D8F0EED00DDA41D /* WaterModel.swift in Sources */,
				D8D4BF742C7CD04E0061A9A4 /* FoodHub.swift in Sources */,
				D8D4BF762C7CD05B0061A9A4 /* AddCalsSheet.swift in Sources */,
				D85CF1912D8C4F6B00340EE1 /* WaterView.swift in Sources */,
				D89461A72C73C3FC00138B60 /* BudgetView.swift in Sources */,
				D829B08B2C7A6BC00027841B /* WhaleFacts.swift in Sources */,
				D8E831742C74CDC700AAF555 /* BudgetHelperView.swift in Sources */,
				D89461A52C73C3FC00138B60 /* BudgieApp.swift in Sources */,
				D8F117DD2C8B65050054F2A2 /* Connectivity.swift in Sources */,
				D829B0892C7A0F880027841B /* ChartDatePicker.swift in Sources */,
				D838A6122C8075710083F3B3 /* NewDataView.swift in Sources */,
				D83398542C833F4D00A09CDB /* AdjustWeighting.swift in Sources */,
				D829B08D2C7A7E6E0027841B /* Explainer.swift in Sources */,
				D8E831892C776FCE00AAF555 /* UserSettings.swift in Sources */,
				D838A6142C80828A0083F3B3 /* GaugeView.swift in Sources */,
				D8E831652C73D0BA00AAF555 /* DateFuncs.swift in Sources */,
			);
			runOnlyForDeploymentPostprocessing = 0;
		};
		D89A95912C84BB53007796AB /* Sources */ = {
			isa = PBXSourcesBuildPhase;
			buildActionMask = 2147483647;
			files = (
				D8B3F3002D8F0EED00DDA41D /* WaterModel.swift in Sources */,
				D89A959A2C84BB53007796AB /* BudgieWidgetBundle.swift in Sources */,
				D89A95B72C84C9FA007796AB /* CalorieModel.swift in Sources */,
				D89A959C2C84BB53007796AB /* BudgieWidget.swift in Sources */,
				D89A95BC2C84CA2F007796AB /* UserSettings.swift in Sources */,
				D89A95B82C84CA2A007796AB /* ChartData.swift in Sources */,
				D89A95B92C84CA2A007796AB /* DataClasses.swift in Sources */,
				D89A95BA2C84CA2A007796AB /* HealthData.swift in Sources */,
				D89A95BB2C84CA2A007796AB /* DateFuncs.swift in Sources */,
				D89A95BD2C84CA32007796AB /* SearchPredicates.swift in Sources */,
			);
			runOnlyForDeploymentPostprocessing = 0;
		};
		D89A95BF2C84F752007796AB /* Sources */ = {
			isa = PBXSourcesBuildPhase;
			buildActionMask = 2147483647;
			files = (
				D89A95D62C84F782007796AB /* DataClasses.swift in Sources */,
				D89A95D72C84F782007796AB /* HealthData.swift in Sources */,
				D89A95D82C84F782007796AB /* DateFuncs.swift in Sources */,
				D8B3F2FE2D8F0EED00DDA41D /* WaterModel.swift in Sources */,
				D89A95D92C84F782007796AB /* CalorieModel.swift in Sources */,
				D89A95DD2C84F82B007796AB /* UserSettings.swift in Sources */,
				D89A95C82C84F752007796AB /* ContentView.swift in Sources */,
				D89A95C62C84F752007796AB /* BudgieWatchApp.swift in Sources */,
				D89A95DC2C84F7DA007796AB /* WatchMeter.swift in Sources */,
				D8F117DC2C8B63830054F2A2 /* Connectivity.swift in Sources */,
				D89A95DE2C84FAC0007796AB /* SearchPredicates.swift in Sources */,
			);
			runOnlyForDeploymentPostprocessing = 0;
		};
/* End PBXSourcesBuildPhase section */

/* Begin PBXTargetDependency section */
		D89A95A12C84BB55007796AB /* PBXTargetDependency */ = {
			isa = PBXTargetDependency;
			target = D89A95942C84BB53007796AB /* Budgie DietWidgetExtension */;
			targetProxy = D89A95A02C84BB55007796AB /* PBXContainerItemProxy */;
		};
		D8F117E02C8B6D1E0054F2A2 /* PBXTargetDependency */ = {
			isa = PBXTargetDependency;
			target = D89A95C22C84F752007796AB /* Budgie DietWatch Watch App */;
			targetProxy = D8F117DF2C8B6D1E0054F2A2 /* PBXContainerItemProxy */;
		};
/* End PBXTargetDependency section */

/* Begin XCBuildConfiguration section */
		D89461AD2C73C3FD00138B60 /* Debug */ = {
			isa = XCBuildConfiguration;
			buildSettings = {
				ALWAYS_SEARCH_USER_PATHS = NO;
				ASSETCATALOG_COMPILER_GENERATE_SWIFT_ASSET_SYMBOL_EXTENSIONS = YES;
				CLANG_ANALYZER_NONNULL = YES;
				CLANG_ANALYZER_NUMBER_OBJECT_CONVERSION = YES_AGGRESSIVE;
				CLANG_CXX_LANGUAGE_STANDARD = "gnu++20";
				CLANG_ENABLE_MODULES = YES;
				CLANG_ENABLE_OBJC_ARC = YES;
				CLANG_ENABLE_OBJC_WEAK = YES;
				CLANG_WARN_BLOCK_CAPTURE_AUTORELEASING = YES;
				CLANG_WARN_BOOL_CONVERSION = YES;
				CLANG_WARN_COMMA = YES;
				CLANG_WARN_CONSTANT_CONVERSION = YES;
				CLANG_WARN_DEPRECATED_OBJC_IMPLEMENTATIONS = YES;
				CLANG_WARN_DIRECT_OBJC_ISA_USAGE = YES_ERROR;
				CLANG_WARN_DOCUMENTATION_COMMENTS = YES;
				CLANG_WARN_EMPTY_BODY = YES;
				CLANG_WARN_ENUM_CONVERSION = YES;
				CLANG_WARN_INFINITE_RECURSION = YES;
				CLANG_WARN_INT_CONVERSION = YES;
				CLANG_WARN_NON_LITERAL_NULL_CONVERSION = YES;
				CLANG_WARN_OBJC_IMPLICIT_RETAIN_SELF = YES;
				CLANG_WARN_OBJC_LITERAL_CONVERSION = YES;
				CLANG_WARN_OBJC_ROOT_CLASS = YES_ERROR;
				CLANG_WARN_QUOTED_INCLUDE_IN_FRAMEWORK_HEADER = YES;
				CLANG_WARN_RANGE_LOOP_ANALYSIS = YES;
				CLANG_WARN_STRICT_PROTOTYPES = YES;
				CLANG_WARN_SUSPICIOUS_MOVE = YES;
				CLANG_WARN_UNGUARDED_AVAILABILITY = YES_AGGRESSIVE;
				CLANG_WARN_UNREACHABLE_CODE = YES;
				CLANG_WARN__DUPLICATE_METHOD_MATCH = YES;
				COPY_PHASE_STRIP = NO;
				DEBUG_INFORMATION_FORMAT = dwarf;
				DEVELOPMENT_TEAM = QDNLA5J7JK;
				ENABLE_STRICT_OBJC_MSGSEND = YES;
				ENABLE_TESTABILITY = YES;
				ENABLE_USER_SCRIPT_SANDBOXING = YES;
				GCC_C_LANGUAGE_STANDARD = gnu17;
				GCC_DYNAMIC_NO_PIC = NO;
				GCC_NO_COMMON_BLOCKS = YES;
				GCC_OPTIMIZATION_LEVEL = 0;
				GCC_PREPROCESSOR_DEFINITIONS = (
					"DEBUG=1",
					"$(inherited)",
				);
				GCC_WARN_64_TO_32_BIT_CONVERSION = YES;
				GCC_WARN_ABOUT_RETURN_TYPE = YES_ERROR;
				GCC_WARN_UNDECLARED_SELECTOR = YES;
				GCC_WARN_UNINITIALIZED_AUTOS = YES_AGGRESSIVE;
				GCC_WARN_UNUSED_FUNCTION = YES;
				GCC_WARN_UNUSED_VARIABLE = YES;
				IPHONEOS_DEPLOYMENT_TARGET = 17.5;
				LOCALIZATION_PREFERS_STRING_CATALOGS = YES;
				MTL_ENABLE_DEBUG_INFO = INCLUDE_SOURCE;
				MTL_FAST_MATH = YES;
				ONLY_ACTIVE_ARCH = YES;
				SDKROOT = iphoneos;
				STRING_CATALOG_GENERATE_SYMBOLS = YES;
				SWIFT_ACTIVE_COMPILATION_CONDITIONS = "DEBUG $(inherited)";
				SWIFT_OPTIMIZATION_LEVEL = "-Onone";
			};
			name = Debug;
		};
		D89461AE2C73C3FD00138B60 /* Release */ = {
			isa = XCBuildConfiguration;
			buildSettings = {
				ALWAYS_SEARCH_USER_PATHS = NO;
				ASSETCATALOG_COMPILER_GENERATE_SWIFT_ASSET_SYMBOL_EXTENSIONS = YES;
				CLANG_ANALYZER_NONNULL = YES;
				CLANG_ANALYZER_NUMBER_OBJECT_CONVERSION = YES_AGGRESSIVE;
				CLANG_CXX_LANGUAGE_STANDARD = "gnu++20";
				CLANG_ENABLE_MODULES = YES;
				CLANG_ENABLE_OBJC_ARC = YES;
				CLANG_ENABLE_OBJC_WEAK = YES;
				CLANG_WARN_BLOCK_CAPTURE_AUTORELEASING = YES;
				CLANG_WARN_BOOL_CONVERSION = YES;
				CLANG_WARN_COMMA = YES;
				CLANG_WARN_CONSTANT_CONVERSION = YES;
				CLANG_WARN_DEPRECATED_OBJC_IMPLEMENTATIONS = YES;
				CLANG_WARN_DIRECT_OBJC_ISA_USAGE = YES_ERROR;
				CLANG_WARN_DOCUMENTATION_COMMENTS = YES;
				CLANG_WARN_EMPTY_BODY = YES;
				CLANG_WARN_ENUM_CONVERSION = YES;
				CLANG_WARN_INFINITE_RECURSION = YES;
				CLANG_WARN_INT_CONVERSION = YES;
				CLANG_WARN_NON_LITERAL_NULL_CONVERSION = YES;
				CLANG_WARN_OBJC_IMPLICIT_RETAIN_SELF = YES;
				CLANG_WARN_OBJC_LITERAL_CONVERSION = YES;
				CLANG_WARN_OBJC_ROOT_CLASS = YES_ERROR;
				CLANG_WARN_QUOTED_INCLUDE_IN_FRAMEWORK_HEADER = YES;
				CLANG_WARN_RANGE_LOOP_ANALYSIS = YES;
				CLANG_WARN_STRICT_PROTOTYPES = YES;
				CLANG_WARN_SUSPICIOUS_MOVE = YES;
				CLANG_WARN_UNGUARDED_AVAILABILITY = YES_AGGRESSIVE;
				CLANG_WARN_UNREACHABLE_CODE = YES;
				CLANG_WARN__DUPLICATE_METHOD_MATCH = YES;
				COPY_PHASE_STRIP = NO;
				DEBUG_INFORMATION_FORMAT = "dwarf-with-dsym";
				DEVELOPMENT_TEAM = QDNLA5J7JK;
				ENABLE_NS_ASSERTIONS = NO;
				ENABLE_STRICT_OBJC_MSGSEND = YES;
				ENABLE_USER_SCRIPT_SANDBOXING = YES;
				GCC_C_LANGUAGE_STANDARD = gnu17;
				GCC_NO_COMMON_BLOCKS = YES;
				GCC_WARN_64_TO_32_BIT_CONVERSION = YES;
				GCC_WARN_ABOUT_RETURN_TYPE = YES_ERROR;
				GCC_WARN_UNDECLARED_SELECTOR = YES;
				GCC_WARN_UNINITIALIZED_AUTOS = YES_AGGRESSIVE;
				GCC_WARN_UNUSED_FUNCTION = YES;
				GCC_WARN_UNUSED_VARIABLE = YES;
				IPHONEOS_DEPLOYMENT_TARGET = 17.5;
				LOCALIZATION_PREFERS_STRING_CATALOGS = YES;
				MTL_ENABLE_DEBUG_INFO = NO;
				MTL_FAST_MATH = YES;
				SDKROOT = iphoneos;
				STRING_CATALOG_GENERATE_SYMBOLS = YES;
				SWIFT_COMPILATION_MODE = wholemodule;
				VALIDATE_PRODUCT = YES;
			};
			name = Release;
		};
		D89461B02C73C3FD00138B60 /* Debug */ = {
			isa = XCBuildConfiguration;
			buildSettings = {
				ASSETCATALOG_COMPILER_APPICON_NAME = AppIcon;
				ASSETCATALOG_COMPILER_GLOBAL_ACCENT_COLOR_NAME = AccentColor;
				ASSETCATALOG_COMPILER_INCLUDE_ALL_APPICON_ASSETS = YES;
				CODE_SIGN_ENTITLEMENTS = Budgie/Budgie.entitlements;
				CODE_SIGN_IDENTITY = "Apple Development";
				CODE_SIGN_STYLE = Automatic;
				CURRENT_PROJECT_VERSION = 251223.3;
				DEVELOPMENT_ASSET_PATHS = "\"Budgie/Preview Content\"";
				ENABLE_PREVIEWS = YES;
				GENERATE_INFOPLIST_FILE = YES;
				INFOPLIST_FILE = Budgie/Info.plist;
				INFOPLIST_KEY_CFBundleDisplayName = "Budgie Diet";
				INFOPLIST_KEY_LSApplicationCategoryType = "public.app-category.healthcare-fitness";
				INFOPLIST_KEY_NSHealthClinicalHealthRecordsShareUsageDescription = "Budgie needs to read your health data to calculate your remaining calories.";
				INFOPLIST_KEY_NSHealthShareUsageDescription = "Budgie Diet needs this access to calculate your budgets, show you your activity and account for food and water input with other apps.";
				INFOPLIST_KEY_NSHealthUpdateUsageDescription = "Budgie Diet needs this to save calories and water you log using it.";
				INFOPLIST_KEY_UIApplicationSceneManifest_Generation = YES;
				INFOPLIST_KEY_UIApplicationSupportsIndirectInputEvents = YES;
				INFOPLIST_KEY_UILaunchStoryboardName = LaunchScreen.storyboard;
				INFOPLIST_KEY_UISupportedInterfaceOrientations = UIInterfaceOrientationPortrait;
				INFOPLIST_KEY_UISupportedInterfaceOrientations_iPad = "UIInterfaceOrientationLandscapeLeft UIInterfaceOrientationLandscapeRight UIInterfaceOrientationPortrait UIInterfaceOrientationPortraitUpsideDown";
				IPHONEOS_DEPLOYMENT_TARGET = 18.0;
				LD_RUNPATH_SEARCH_PATHS = (
					"$(inherited)",
					"@executable_path/Frameworks",
				);
				MARKETING_VERSION = 2.1.1;
				PRODUCT_BUNDLE_IDENTIFIER = JoeBaldwin.Budgie;
				PRODUCT_NAME = "$(TARGET_NAME)";
				PROVISIONING_PROFILE_SPECIFIER = "";
				SUPPORTED_PLATFORMS = "iphoneos iphonesimulator";
				SUPPORTS_MACCATALYST = NO;
				SUPPORTS_MAC_DESIGNED_FOR_IPHONE_IPAD = NO;
				SUPPORTS_XR_DESIGNED_FOR_IPHONE_IPAD = NO;
				SWIFT_EMIT_LOC_STRINGS = YES;
				SWIFT_VERSION = 5.0;
				TARGETED_DEVICE_FAMILY = 1;
			};
			name = Debug;
		};
		D89461B12C73C3FD00138B60 /* Release */ = {
			isa = XCBuildConfiguration;
			buildSettings = {
				ASSETCATALOG_COMPILER_APPICON_NAME = AppIcon;
				ASSETCATALOG_COMPILER_GLOBAL_ACCENT_COLOR_NAME = AccentColor;
				ASSETCATALOG_COMPILER_INCLUDE_ALL_APPICON_ASSETS = YES;
				CODE_SIGN_ENTITLEMENTS = Budgie/Budgie.entitlements;
				CODE_SIGN_IDENTITY = "Apple Development";
				CODE_SIGN_STYLE = Automatic;
				CURRENT_PROJECT_VERSION = 251223.3;
				DEVELOPMENT_ASSET_PATHS = "\"Budgie/Preview Content\"";
				ENABLE_PREVIEWS = YES;
				GENERATE_INFOPLIST_FILE = YES;
				INFOPLIST_FILE = Budgie/Info.plist;
				INFOPLIST_KEY_CFBundleDisplayName = "Budgie Diet";
				INFOPLIST_KEY_LSApplicationCategoryType = "public.app-category.healthcare-fitness";
				INFOPLIST_KEY_NSHealthClinicalHealthRecordsShareUsageDescription = "Budgie needs to read your health data to calculate your remaining calories.";
				INFOPLIST_KEY_NSHealthShareUsageDescription = "Budgie Diet needs this access to calculate your budgets, show you your activity and account for food and water input with other apps.";
				INFOPLIST_KEY_NSHealthUpdateUsageDescription = "Budgie Diet needs this to save calories and water you log using it.";
				INFOPLIST_KEY_UIApplicationSceneManifest_Generation = YES;
				INFOPLIST_KEY_UIApplicationSupportsIndirectInputEvents = YES;
				INFOPLIST_KEY_UILaunchStoryboardName = LaunchScreen.storyboard;
				INFOPLIST_KEY_UISupportedInterfaceOrientations = UIInterfaceOrientationPortrait;
				INFOPLIST_KEY_UISupportedInterfaceOrientations_iPad = "UIInterfaceOrientationLandscapeLeft UIInterfaceOrientationLandscapeRight UIInterfaceOrientationPortrait UIInterfaceOrientationPortraitUpsideDown";
				IPHONEOS_DEPLOYMENT_TARGET = 18.0;
				LD_RUNPATH_SEARCH_PATHS = (
					"$(inherited)",
					"@executable_path/Frameworks",
				);
				MARKETING_VERSION = 2.1.1;
				PRODUCT_BUNDLE_IDENTIFIER = JoeBaldwin.Budgie;
				PRODUCT_NAME = "$(TARGET_NAME)";
				PROVISIONING_PROFILE_SPECIFIER = "";
				SUPPORTED_PLATFORMS = "iphoneos iphonesimulator";
				SUPPORTS_MACCATALYST = NO;
				SUPPORTS_MAC_DESIGNED_FOR_IPHONE_IPAD = NO;
				SUPPORTS_XR_DESIGNED_FOR_IPHONE_IPAD = NO;
				SWIFT_EMIT_LOC_STRINGS = YES;
				SWIFT_VERSION = 5.0;
				TARGETED_DEVICE_FAMILY = 1;
			};
			name = Release;
		};
		D89A95A42C84BB55007796AB /* Debug */ = {
			isa = XCBuildConfiguration;
			buildSettings = {
				ASSETCATALOG_COMPILER_GLOBAL_ACCENT_COLOR_NAME = AccentColor;
				ASSETCATALOG_COMPILER_WIDGET_BACKGROUND_COLOR_NAME = WidgetBackground;
				CODE_SIGN_ENTITLEMENTS = BudgieWidgetExtension.entitlements;
				CODE_SIGN_STYLE = Automatic;
				CURRENT_PROJECT_VERSION = 251223.3;
				GENERATE_INFOPLIST_FILE = YES;
				INFOPLIST_FILE = BudgieWidget/Info.plist;
				INFOPLIST_KEY_CFBundleDisplayName = "Budgie Diet";
				INFOPLIST_KEY_NSHumanReadableCopyright = "";
				IPHONEOS_DEPLOYMENT_TARGET = 18.0;
				LD_RUNPATH_SEARCH_PATHS = (
					"$(inherited)",
					"@executable_path/Frameworks",
					"@executable_path/../../Frameworks",
				);
				MARKETING_VERSION = 2.1.1;
				PRODUCT_BUNDLE_IDENTIFIER = JoeBaldwin.Budgie.BudgieWidget;
				PRODUCT_NAME = "$(TARGET_NAME)";
				SKIP_INSTALL = YES;
				SUPPORTED_PLATFORMS = "iphoneos iphonesimulator";
				SUPPORTS_MACCATALYST = NO;
				SUPPORTS_MAC_DESIGNED_FOR_IPHONE_IPAD = NO;
				SUPPORTS_XR_DESIGNED_FOR_IPHONE_IPAD = NO;
				SWIFT_EMIT_LOC_STRINGS = YES;
				SWIFT_VERSION = 5.0;
				TARGETED_DEVICE_FAMILY = 1;
			};
			name = Debug;
		};
		D89A95A52C84BB55007796AB /* Release */ = {
			isa = XCBuildConfiguration;
			buildSettings = {
				ASSETCATALOG_COMPILER_GLOBAL_ACCENT_COLOR_NAME = AccentColor;
				ASSETCATALOG_COMPILER_WIDGET_BACKGROUND_COLOR_NAME = WidgetBackground;
				CODE_SIGN_ENTITLEMENTS = BudgieWidgetExtension.entitlements;
				CODE_SIGN_STYLE = Automatic;
				CURRENT_PROJECT_VERSION = 251223.3;
				GENERATE_INFOPLIST_FILE = YES;
				INFOPLIST_FILE = BudgieWidget/Info.plist;
				INFOPLIST_KEY_CFBundleDisplayName = "Budgie Diet";
				INFOPLIST_KEY_NSHumanReadableCopyright = "";
				IPHONEOS_DEPLOYMENT_TARGET = 18.0;
				LD_RUNPATH_SEARCH_PATHS = (
					"$(inherited)",
					"@executable_path/Frameworks",
					"@executable_path/../../Frameworks",
				);
				MARKETING_VERSION = 2.1.1;
				PRODUCT_BUNDLE_IDENTIFIER = JoeBaldwin.Budgie.BudgieWidget;
				PRODUCT_NAME = "$(TARGET_NAME)";
				SKIP_INSTALL = YES;
				SUPPORTED_PLATFORMS = "iphoneos iphonesimulator";
				SUPPORTS_MACCATALYST = NO;
				SUPPORTS_MAC_DESIGNED_FOR_IPHONE_IPAD = NO;
				SUPPORTS_XR_DESIGNED_FOR_IPHONE_IPAD = NO;
				SWIFT_EMIT_LOC_STRINGS = YES;
				SWIFT_VERSION = 5.0;
				TARGETED_DEVICE_FAMILY = 1;
			};
			name = Release;
		};
		D89A95D22C84F753007796AB /* Debug */ = {
			isa = XCBuildConfiguration;
			buildSettings = {
				ASSETCATALOG_COMPILER_APPICON_NAME = AppIcon;
				ASSETCATALOG_COMPILER_GLOBAL_ACCENT_COLOR_NAME = AccentColor;
				CODE_SIGN_ENTITLEMENTS = "BudgieWatch Watch App/BudgieWatch Watch App.entitlements";
				CODE_SIGN_STYLE = Automatic;
				CURRENT_PROJECT_VERSION = 251223.3;
				DEVELOPMENT_ASSET_PATHS = "\"BudgieWatch Watch App/Preview Content\"";
				ENABLE_PREVIEWS = YES;
				GENERATE_INFOPLIST_FILE = YES;
				INFOPLIST_FILE = "Budgie-DietWatch-Watch-App-Info.plist";
				INFOPLIST_KEY_CFBundleDisplayName = "Budgie Diet";
				INFOPLIST_KEY_NSHealthClinicalHealthRecordsShareUsageDescription = "Budgie Diet needs to read your health data to calculate your remaining calories, display your activity and show you water logged by other apps.";
				INFOPLIST_KEY_NSHealthShareUsageDescription = "Budgie Diet needs to read your health data to calculate your remaining calories, display your activity and show you water logged by other apps.";
				INFOPLIST_KEY_NSHealthUpdateUsageDescription = "Budgie Diet needs to write to your health data to log calories and water that you input using it.";
				INFOPLIST_KEY_UISupportedInterfaceOrientations = "UIInterfaceOrientationPortrait UIInterfaceOrientationPortraitUpsideDown";
				INFOPLIST_KEY_WKCompanionAppBundleIdentifier = JoeBaldwin.Budgie;
				LD_RUNPATH_SEARCH_PATHS = (
					"$(inherited)",
					"@executable_path/Frameworks",
				);
				MARKETING_VERSION = 2.1.1;
				PRODUCT_BUNDLE_IDENTIFIER = JoeBaldwin.Budgie.watchkitapp;
				PRODUCT_NAME = "Budgie Diet";
				SDKROOT = watchos;
				SKIP_INSTALL = YES;
				SWIFT_EMIT_LOC_STRINGS = YES;
				SWIFT_VERSION = 5.0;
				TARGETED_DEVICE_FAMILY = 4;
				WATCHOS_DEPLOYMENT_TARGET = 10.5;
			};
			name = Debug;
		};
		D89A95D32C84F753007796AB /* Release */ = {
			isa = XCBuildConfiguration;
			buildSettings = {
				ASSETCATALOG_COMPILER_APPICON_NAME = AppIcon;
				ASSETCATALOG_COMPILER_GLOBAL_ACCENT_COLOR_NAME = AccentColor;
				CODE_SIGN_ENTITLEMENTS = "BudgieWatch Watch App/BudgieWatch Watch App.entitlements";
				CODE_SIGN_STYLE = Automatic;
				CURRENT_PROJECT_VERSION = 251223.3;
				DEVELOPMENT_ASSET_PATHS = "\"BudgieWatch Watch App/Preview Content\"";
				ENABLE_PREVIEWS = YES;
				GENERATE_INFOPLIST_FILE = YES;
				INFOPLIST_FILE = "Budgie-DietWatch-Watch-App-Info.plist";
				INFOPLIST_KEY_CFBundleDisplayName = "Budgie Diet";
				INFOPLIST_KEY_NSHealthClinicalHealthRecordsShareUsageDescription = "Budgie Diet needs to read your health data to calculate your remaining calories, display your activity and show you water logged by other apps.";
				INFOPLIST_KEY_NSHealthShareUsageDescription = "Budgie Diet needs to read your health data to calculate your remaining calories, display your activity and show you water logged by other apps.";
				INFOPLIST_KEY_NSHealthUpdateUsageDescription = "Budgie Diet needs to write to your health data to log calories and water that you input using it.";
				INFOPLIST_KEY_UISupportedInterfaceOrientations = "UIInterfaceOrientationPortrait UIInterfaceOrientationPortraitUpsideDown";
				INFOPLIST_KEY_WKCompanionAppBundleIdentifier = JoeBaldwin.Budgie;
				LD_RUNPATH_SEARCH_PATHS = (
					"$(inherited)",
					"@executable_path/Frameworks",
				);
				MARKETING_VERSION = 2.1.1;
				PRODUCT_BUNDLE_IDENTIFIER = JoeBaldwin.Budgie.watchkitapp;
				PRODUCT_NAME = "Budgie Diet";
				SDKROOT = watchos;
				SKIP_INSTALL = YES;
				SWIFT_EMIT_LOC_STRINGS = YES;
				SWIFT_VERSION = 5.0;
				TARGETED_DEVICE_FAMILY = 4;
				WATCHOS_DEPLOYMENT_TARGET = 10.5;
			};
			name = Release;
		};
/* End XCBuildConfiguration section */

/* Begin XCConfigurationList section */
		D894619C2C73C3FC00138B60 /* Build configuration list for PBXProject "Budgie Diet" */ = {
			isa = XCConfigurationList;
			buildConfigurations = (
				D89461AD2C73C3FD00138B60 /* Debug */,
				D89461AE2C73C3FD00138B60 /* Release */,
			);
			defaultConfigurationIsVisible = 0;
			defaultConfigurationName = Release;
		};
		D89461AF2C73C3FD00138B60 /* Build configuration list for PBXNativeTarget "Budgie Diet" */ = {
			isa = XCConfigurationList;
			buildConfigurations = (
				D89461B02C73C3FD00138B60 /* Debug */,
				D89461B12C73C3FD00138B60 /* Release */,
			);
			defaultConfigurationIsVisible = 0;
			defaultConfigurationName = Release;
		};
		D89A95A32C84BB55007796AB /* Build configuration list for PBXNativeTarget "Budgie DietWidgetExtension" */ = {
			isa = XCConfigurationList;
			buildConfigurations = (
				D89A95A42C84BB55007796AB /* Debug */,
				D89A95A52C84BB55007796AB /* Release */,
			);
			defaultConfigurationIsVisible = 0;
			defaultConfigurationName = Release;
		};
		D89A95D12C84F753007796AB /* Build configuration list for PBXNativeTarget "Budgie DietWatch Watch App" */ = {
			isa = XCConfigurationList;
			buildConfigurations = (
				D89A95D22C84F753007796AB /* Debug */,
				D89A95D32C84F753007796AB /* Release */,
			);
			defaultConfigurationIsVisible = 0;
			defaultConfigurationName = Release;
		};
/* End XCConfigurationList section */
	};
	rootObject = D89461992C73C3FC00138B60 /* Project object */;
}
